
Microsoft Visual Studio Solution File, Format Version 12.00
# Visual Studio Version 17
VisualStudioVersion = 17.8.34309.116
MinimumVisualStudioVersion = 10.0.40219.1
Project("{FAE04EC0-301F-11D3-BF4B-00C04F79EFBC}") = "AxeTests", "AxeTests\AxeTests.csproj", "{CEBDDA4F-F3B9-4BFA-8914-C6D1F6AF252A}"
EndProject
Project("{FAE04EC0-301F-11D3-BF4B-00C04F79EFBC}") = "Axe.Tests", "Axe.Tests\Axe.Tests.csproj", "{DA4A15AB-3B23-440F-94C1-D878A7FF260F}"
EndProject
Global
	GlobalSection(SolutionConfigurationPlatforms) = preSolution
		Debug|Any CPU = Debug|Any CPU
		Release|Any CPU = Release|Any CPU
	EndGlobalSection
	GlobalSection(ProjectConfigurationPlatforms) = postSolution
		{CEBDDA4F-F3B9-4BFA-8914-C6D1F6AF252A}.Debug|Any CPU.ActiveCfg = Debug|Any CPU
		{CEBDDA4F-F3B9-4BFA-8914-C6D1F6AF252A}.Debug|Any CPU.Build.0 = Debug|Any CPU
		{CEBDDA4F-F3B9-4BFA-8914-C6D1F6AF252A}.Release|Any CPU.ActiveCfg = Release|Any CPU
		{CEBDDA4F-F3B9-4BFA-8914-C6D1F6AF252A}.Release|Any CPU.Build.0 = Release|Any CPU
		{DA4A15AB-3B23-440F-94C1-D878A7FF260F}.Debug|Any CPU.ActiveCfg = Debug|Any CPU
		{DA4A15AB-3B23-440F-94C1-D878A7FF260F}.Debug|Any CPU.Build.0 = Debug|Any CPU
		{DA4A15AB-3B23-440F-94C1-D878A7FF260F}.Release|Any CPU.ActiveCfg = Release|Any CPU
		{DA4A15AB-3B23-440F-94C1-D878A7FF260F}.Release|Any CPU.Build.0 = Release|Any CPU
	EndGlobalSection
	GlobalSection(SolutionProperties) = preSolution
		HideSolutionNode = FALSE
	EndGlobalSection
	GlobalSection(ExtensibilityGlobals) = postSolution
		SolutionGuid = {512F7291-D3EE-4230-AA6C-49CE58EFF27A}
	EndGlobalSection
EndGlobal
