
Microsoft Visual Studio Solution File, Format Version 12.00
# Visual Studio Version 17
VisualStudioVersion = 17.7.34221.43
MinimumVisualStudioVersion = 10.0.40219.1
Project("{9A19103F-16F7-4668-BE54-9A1E7A4F7556}") = "01. Class Box Data", "01. Class Box Data\01. Class Box Data.csproj", "{484DB181-2006-4B49-9E69-DDCA880F49F0}"
EndProject
Project("{9A19103F-16F7-4668-BE54-9A1E7A4F7556}") = "02. Animal Farm", "02. Animal Farm\02. Animal Farm.csproj", "{0DF7F034-79BF-4AF9-8A88-7FD1AF067173}"
EndProject
Project("{FAE04EC0-301F-11D3-BF4B-00C04F79EFBC}") = "03. Shopping Spree", "03. Shopping Spree\03. Shopping Spree.csproj", "{83F13369-E0E0-4352-A35D-073F09958568}"
EndProject
Global
	GlobalSection(SolutionConfigurationPlatforms) = preSolution
		Debug|Any CPU = Debug|Any CPU
		Release|Any CPU = Release|Any CPU
	EndGlobalSection
	GlobalSection(ProjectConfigurationPlatforms) = postSolution
		{484DB181-2006-4B49-9E69-DDCA880F49F0}.Debug|Any CPU.ActiveCfg = Debug|Any CPU
		{484DB181-2006-4B49-9E69-DDCA880F49F0}.Debug|Any CPU.Build.0 = Debug|Any CPU
		{484DB181-2006-4B49-9E69-DDCA880F49F0}.Release|Any CPU.ActiveCfg = Release|Any CPU
		{484DB181-2006-4B49-9E69-DDCA880F49F0}.Release|Any CPU.Build.0 = Release|Any CPU
		{0DF7F034-79BF-4AF9-8A88-7FD1AF067173}.Debug|Any CPU.ActiveCfg = Debug|Any CPU
		{0DF7F034-79BF-4AF9-8A88-7FD1AF067173}.Debug|Any CPU.Build.0 = Debug|Any CPU
		{0DF7F034-79BF-4AF9-8A88-7FD1AF067173}.Release|Any CPU.ActiveCfg = Release|Any CPU
		{0DF7F034-79BF-4AF9-8A88-7FD1AF067173}.Release|Any CPU.Build.0 = Release|Any CPU
		{83F13369-E0E0-4352-A35D-073F09958568}.Debug|Any CPU.ActiveCfg = Debug|Any CPU
		{83F13369-E0E0-4352-A35D-073F09958568}.Debug|Any CPU.Build.0 = Debug|Any CPU
		{83F13369-E0E0-4352-A35D-073F09958568}.Release|Any CPU.ActiveCfg = Release|Any CPU
		{83F13369-E0E0-4352-A35D-073F09958568}.Release|Any CPU.Build.0 = Release|Any CPU
	EndGlobalSection
	GlobalSection(SolutionProperties) = preSolution
		HideSolutionNode = FALSE
	EndGlobalSection
	GlobalSection(ExtensibilityGlobals) = postSolution
		SolutionGuid = {3CDA654B-912B-430F-888F-3134F7379468}
	EndGlobalSection
EndGlobal
