
Microsoft Visual Studio Solution File, Format Version 12.00
# Visual Studio Version 17
VisualStudioVersion = 17.7.34221.43
MinimumVisualStudioVersion = 10.0.40219.1
Project("{9A19103F-16F7-4668-BE54-9A1E7A4F7556}") = "01. Stream Progress Info", "01. Stream Progress Info\01. Stream Progress Info.csproj", "{1EDF91E7-2FDB-48D2-9CF6-3EE51F5785C8}"
EndProject
Project("{FAE04EC0-301F-11D3-BF4B-00C04F79EFBC}") = "02. Graphic Editor", "02. Graphic Editor\02. Graphic Editor.csproj", "{146D9DA3-DDB2-4845-9952-1FFB4C638F8B}"
EndProject
Project("{FAE04EC0-301F-11D3-BF4B-00C04F79EFBC}") = "03. Detail Printer", "03. Detail Printer\03. Detail Printer.csproj", "{EB047527-027A-46CE-8C20-5A7970AB9F43}"
EndProject
Project("{FAE04EC0-301F-11D3-BF4B-00C04F79EFBC}") = "04. Recharge", "04. Recharge\04. Recharge.csproj", "{DAF5ABB9-ED46-414C-8961-CB0F47D33A31}"
EndProject
Global
	GlobalSection(SolutionConfigurationPlatforms) = preSolution
		Debug|Any CPU = Debug|Any CPU
		Release|Any CPU = Release|Any CPU
	EndGlobalSection
	GlobalSection(ProjectConfigurationPlatforms) = postSolution
		{1EDF91E7-2FDB-48D2-9CF6-3EE51F5785C8}.Debug|Any CPU.ActiveCfg = Debug|Any CPU
		{1EDF91E7-2FDB-48D2-9CF6-3EE51F5785C8}.Debug|Any CPU.Build.0 = Debug|Any CPU
		{1EDF91E7-2FDB-48D2-9CF6-3EE51F5785C8}.Release|Any CPU.ActiveCfg = Release|Any CPU
		{1EDF91E7-2FDB-48D2-9CF6-3EE51F5785C8}.Release|Any CPU.Build.0 = Release|Any CPU
		{146D9DA3-DDB2-4845-9952-1FFB4C638F8B}.Debug|Any CPU.ActiveCfg = Debug|Any CPU
		{146D9DA3-DDB2-4845-9952-1FFB4C638F8B}.Debug|Any CPU.Build.0 = Debug|Any CPU
		{146D9DA3-DDB2-4845-9952-1FFB4C638F8B}.Release|Any CPU.ActiveCfg = Release|Any CPU
		{146D9DA3-DDB2-4845-9952-1FFB4C638F8B}.Release|Any CPU.Build.0 = Release|Any CPU
		{EB047527-027A-46CE-8C20-5A7970AB9F43}.Debug|Any CPU.ActiveCfg = Debug|Any CPU
		{EB047527-027A-46CE-8C20-5A7970AB9F43}.Debug|Any CPU.Build.0 = Debug|Any CPU
		{EB047527-027A-46CE-8C20-5A7970AB9F43}.Release|Any CPU.ActiveCfg = Release|Any CPU
		{EB047527-027A-46CE-8C20-5A7970AB9F43}.Release|Any CPU.Build.0 = Release|Any CPU
		{DAF5ABB9-ED46-414C-8961-CB0F47D33A31}.Debug|Any CPU.ActiveCfg = Debug|Any CPU
		{DAF5ABB9-ED46-414C-8961-CB0F47D33A31}.Debug|Any CPU.Build.0 = Debug|Any CPU
		{DAF5ABB9-ED46-414C-8961-CB0F47D33A31}.Release|Any CPU.ActiveCfg = Release|Any CPU
		{DAF5ABB9-ED46-414C-8961-CB0F47D33A31}.Release|Any CPU.Build.0 = Release|Any CPU
	EndGlobalSection
	GlobalSection(SolutionProperties) = preSolution
		HideSolutionNode = FALSE
	EndGlobalSection
	GlobalSection(ExtensibilityGlobals) = postSolution
		SolutionGuid = {B885E2A2-21B8-485A-9BFD-D9872580A334}
	EndGlobalSection
EndGlobal
