
Microsoft Visual Studio Solution File, Format Version 12.00
# Visual Studio Version 17
VisualStudioVersion = 17.7.34221.43
MinimumVisualStudioVersion = 10.0.40219.1
Project("{FAE04EC0-301F-11D3-BF4B-00C04F79EFBC}") = "01. MathOperation", "1. MathOperation\01. MathOperation.csproj", "{720CD50B-D21A-47DC-8808-C160781B2789}"
EndProject
Project("{FAE04EC0-301F-11D3-BF4B-00C04F79EFBC}") = "Animals", "02. Animals\Animals.csproj", "{9A495DC3-E754-4C1B-8142-EBA62F054D4E}"
EndProject
Global
	GlobalSection(SolutionConfigurationPlatforms) = preSolution
		Debug|Any CPU = Debug|Any CPU
		Release|Any CPU = Release|Any CPU
	EndGlobalSection
	GlobalSection(ProjectConfigurationPlatforms) = postSolution
		{720CD50B-D21A-47DC-8808-C160781B2789}.Debug|Any CPU.ActiveCfg = Debug|Any CPU
		{720CD50B-D21A-47DC-8808-C160781B2789}.Debug|Any CPU.Build.0 = Debug|Any CPU
		{720CD50B-D21A-47DC-8808-C160781B2789}.Release|Any CPU.ActiveCfg = Release|Any CPU
		{720CD50B-D21A-47DC-8808-C160781B2789}.Release|Any CPU.Build.0 = Release|Any CPU
		{9A495DC3-E754-4C1B-8142-EBA62F054D4E}.Debug|Any CPU.ActiveCfg = Debug|Any CPU
		{9A495DC3-E754-4C1B-8142-EBA62F054D4E}.Debug|Any CPU.Build.0 = Debug|Any CPU
		{9A495DC3-E754-4C1B-8142-EBA62F054D4E}.Release|Any CPU.ActiveCfg = Release|Any CPU
		{9A495DC3-E754-4C1B-8142-EBA62F054D4E}.Release|Any CPU.Build.0 = Release|Any CPU
	EndGlobalSection
	GlobalSection(SolutionProperties) = preSolution
		HideSolutionNode = FALSE
	EndGlobalSection
	GlobalSection(ExtensibilityGlobals) = postSolution
		SolutionGuid = {C0EFC82C-9ECE-4F68-87BB-5B8F7AE1D544}
	EndGlobalSection
EndGlobal
