
Microsoft Visual Studio Solution File, Format Version 12.00
# Visual Studio Version 17
VisualStudioVersion = 17.7.34221.43
MinimumVisualStudioVersion = 10.0.40219.1
Project("{FAE04EC0-301F-11D3-BF4B-00C04F79EFBC}") = "01. Shapes", "01. Shapes\01. Shapes.csproj", "{40BADEB3-EFC2-4D03-80DC-9FBDE5BE84B4}"
EndProject
Project("{FAE04EC0-301F-11D3-BF4B-00C04F79EFBC}") = "02. Cars", "02. Cars\02. Cars.csproj", "{18F326DF-8A02-4499-B5A5-E970FB0F3B73}"
EndProject
Global
	GlobalSection(SolutionConfigurationPlatforms) = preSolution
		Debug|Any CPU = Debug|Any CPU
		Release|Any CPU = Release|Any CPU
	EndGlobalSection
	GlobalSection(ProjectConfigurationPlatforms) = postSolution
		{40BADEB3-EFC2-4D03-80DC-9FBDE5BE84B4}.Debug|Any CPU.ActiveCfg = Debug|Any CPU
		{40BADEB3-EFC2-4D03-80DC-9FBDE5BE84B4}.Debug|Any CPU.Build.0 = Debug|Any CPU
		{40BADEB3-EFC2-4D03-80DC-9FBDE5BE84B4}.Release|Any CPU.ActiveCfg = Release|Any CPU
		{40BADEB3-EFC2-4D03-80DC-9FBDE5BE84B4}.Release|Any CPU.Build.0 = Release|Any CPU
		{18F326DF-8A02-4499-B5A5-E970FB0F3B73}.Debug|Any CPU.ActiveCfg = Debug|Any CPU
		{18F326DF-8A02-4499-B5A5-E970FB0F3B73}.Debug|Any CPU.Build.0 = Debug|Any CPU
		{18F326DF-8A02-4499-B5A5-E970FB0F3B73}.Release|Any CPU.ActiveCfg = Release|Any CPU
		{18F326DF-8A02-4499-B5A5-E970FB0F3B73}.Release|Any CPU.Build.0 = Release|Any CPU
	EndGlobalSection
	GlobalSection(SolutionProperties) = preSolution
		HideSolutionNode = FALSE
	EndGlobalSection
	GlobalSection(ExtensibilityGlobals) = postSolution
		SolutionGuid = {376F3031-E9FA-456A-8A32-31CF6A83FD4A}
	EndGlobalSection
EndGlobal
