
Microsoft Visual Studio Solution File, Format Version 12.00
# Visual Studio Version 17
VisualStudioVersion = 17.7.34221.43
MinimumVisualStudioVersion = 10.0.40219.1
Project("{9A19103F-16F7-4668-BE54-9A1E7A4F7556}") = "NauticalCatchChallenge", "NauticalCatchChallenge.csproj", "{18948F29-8312-414A-A121-7A29CF9A4A76}"
EndProject
Global
	GlobalSection(SolutionConfigurationPlatforms) = preSolution
		Debug|Any CPU = Debug|Any CPU
		Release|Any CPU = Release|Any CPU
	EndGlobalSection
	GlobalSection(ProjectConfigurationPlatforms) = postSolution
		{18948F29-8312-414A-A121-7A29CF9A4A76}.Debug|Any CPU.ActiveCfg = Debug|Any CPU
		{18948F29-8312-414A-A121-7A29CF9A4A76}.Debug|Any CPU.Build.0 = Debug|Any CPU
		{18948F29-8312-414A-A121-7A29CF9A4A76}.Release|Any CPU.ActiveCfg = Release|Any CPU
		{18948F29-8312-414A-A121-7A29CF9A4A76}.Release|Any CPU.Build.0 = Release|Any CPU
	EndGlobalSection
	GlobalSection(SolutionProperties) = preSolution
		HideSolutionNode = FALSE
	EndGlobalSection
	GlobalSection(ExtensibilityGlobals) = postSolution
		SolutionGuid = {89E85CDC-ACE3-4742-9ADD-9CAE9B6810BD}
	EndGlobalSection
EndGlobal
