
Microsoft Visual Studio Solution File, Format Version 12.00
# Visual Studio Version 17
VisualStudioVersion = 17.8.34309.116
MinimumVisualStudioVersion = 10.0.40219.1
Project("{FAE04EC0-301F-11D3-BF4B-00C04F79EFBC}") = "CommandPattern", "CommandPattern\CommandPattern.csproj", "{1BABE106-8EA4-4D7F-B7DD-0E54023B401E}"
EndProject
Global
	GlobalSection(SolutionConfigurationPlatforms) = preSolution
		Debug|Any CPU = Debug|Any CPU
		Release|Any CPU = Release|Any CPU
	EndGlobalSection
	GlobalSection(ProjectConfigurationPlatforms) = postSolution
		{1BABE106-8EA4-4D7F-B7DD-0E54023B401E}.Debug|Any CPU.ActiveCfg = Debug|Any CPU
		{1BABE106-8EA4-4D7F-B7DD-0E54023B401E}.Debug|Any CPU.Build.0 = Debug|Any CPU
		{1BABE106-8EA4-4D7F-B7DD-0E54023B401E}.Release|Any CPU.ActiveCfg = Release|Any CPU
		{1BABE106-8EA4-4D7F-B7DD-0E54023B401E}.Release|Any CPU.Build.0 = Release|Any CPU
	EndGlobalSection
	GlobalSection(SolutionProperties) = preSolution
		HideSolutionNode = FALSE
	EndGlobalSection
	GlobalSection(ExtensibilityGlobals) = postSolution
		SolutionGuid = {BB8CA03C-A405-445C-9C4C-5A3A5D7EF09F}
	EndGlobalSection
EndGlobal
